[[package]]
name = "click"
version = "8.0.0"
description = "Composable command line interface toolkit"
category = "main"
optional = false
python-versions = ">=3.6"

[package.dependencies]
colorama = {version = "*", markers = "platform_system == \"Windows\""}

[[package]]
name = "colorama"
version = "0.4.4"
description = "Cross-platform colored terminal text."
category = "main"
optional = false
python-versions = ">=2.7, !=3.0.*, !=3.1.*, !=3.2.*, !=3.3.*, !=3.4.*"

[[package]]
name = "cycler"
version = "0.10.0"
description = "Composable style cycles"
category = "main"
optional = false
python-versions = "*"

[package.dependencies]
six = "*"

[[package]]
name = "decorator"
version = "5.0.9"
description = "Decorators for Humans"
category = "main"
optional = false
python-versions = ">=3.5"

[[package]]
name = "exifread"
version = "2.3.2"
description = "Read Exif metadata from tiff and jpeg files."
category = "main"
optional = false
python-versions = "*"

[[package]]
name = "imgparse"
version = "1.9.3"
description = "Python image-metadata-parser utilities"
category = "main"
optional = false
python-versions = "^3.7"
develop = false

[package.dependencies]
click = "*"
decorator = "*"
exifread = "*"
pandas = "*"
timezonefinder = "*"

[package.source]
type = "git"
url = "ssh://git@github.com/SenteraLLC/py-image-metadata-parser.git"
reference = "v1.9.3"
resolved_reference = "4a4a47de85c2abdda7cdf5015eb08f5ebafed9ec"

[[package]]
name = "imgreg"
version = "1.1.1"
description = ""
category = "main"
optional = false
python-versions = "^3.8"
develop = false

[package.dependencies]
matplotlib = "^3.4.1"
numpy = "^1.20.2"
opencv-python = "^4.5.1"
SimpleITK = "^2.0.2"

[package.source]
type = "git"
url = "git@github.com:SenteraLLC/py-image-registration.git"
reference = "v1.1.1"
resolved_reference = "82101b51b504a93c99d249fc06f3a748e9c9c9c1"

[[package]]
name = "kiwisolver"
version = "1.3.1"
description = "A fast implementation of the Cassowary constraint solver"
category = "main"
optional = false
python-versions = ">=3.6"

[[package]]
name = "matplotlib"
version = "3.4.2"
description = "Python plotting package"
category = "main"
optional = false
python-versions = ">=3.7"

[package.dependencies]
cycler = ">=0.10"
kiwisolver = ">=1.0.1"
numpy = ">=1.16"
pillow = ">=6.2.0"
pyparsing = ">=2.2.1"
python-dateutil = ">=2.7"

[[package]]
name = "numpy"
version = "1.20.3"
description = "NumPy is the fundamental package for array computing with Python."
category = "main"
optional = false
python-versions = ">=3.7"

[[package]]
name = "opencv-contrib-python"
version = "4.5.2.52"
description = "Wrapper package for OpenCV python bindings."
category = "main"
optional = false
python-versions = ">=3.6"

[package.dependencies]
numpy = ">=1.13.3"

[[package]]
name = "opencv-python"
version = "4.5.2.52"
description = "Wrapper package for OpenCV python bindings."
category = "main"
optional = false
python-versions = ">=3.6"

[package.dependencies]
numpy = ">=1.13.3"

[[package]]
name = "pandas"
version = "1.2.4"
description = "Powerful data structures for data analysis, time series, and statistics"
category = "main"
optional = false
python-versions = ">=3.7.1"

[package.dependencies]
numpy = ">=1.16.5"
python-dateutil = ">=2.7.3"
pytz = ">=2017.3"

[package.extras]
test = ["pytest (>=5.0.1)", "pytest-xdist", "hypothesis (>=3.58)"]

[[package]]
name = "pillow"
version = "8.2.0"
description = "Python Imaging Library (Fork)"
category = "main"
optional = false
python-versions = ">=3.6"

[[package]]
name = "pyparsing"
version = "2.4.7"
description = "Python parsing module"
category = "main"
optional = false
python-versions = ">=2.6, !=3.0.*, !=3.1.*, !=3.2.*"

[[package]]
name = "python-dateutil"
version = "2.8.1"
description = "Extensions to the standard Python datetime module"
category = "main"
optional = false
python-versions = "!=3.0.*,!=3.1.*,!=3.2.*,>=2.7"

[package.dependencies]
six = ">=1.5"

[[package]]
name = "pytz"
version = "2021.1"
description = "World timezone definitions, modern and historical"
category = "main"
optional = false
python-versions = "*"

[[package]]
name = "simpleitk"
version = "2.0.2"
description = "SimpleITK is a simplified interface to the Insight Toolkit (ITK) for image registration and segmentation"
category = "main"
optional = false
python-versions = "*"

[[package]]
name = "six"
version = "1.16.0"
description = "Python 2 and 3 compatibility utilities"
category = "main"
optional = false
python-versions = ">=2.7, !=3.0.*, !=3.1.*, !=3.2.*"

[[package]]
name = "tifffile"
version = "2021.4.8"
description = "Read and write TIFF files"
category = "main"
optional = false
python-versions = ">=3.7"

[package.dependencies]
numpy = ">=1.15.1"

[package.extras]
all = ["imagecodecs (>=2021.3.31)", "matplotlib (>=3.2)", "lxml"]

[[package]]
name = "timezonefinder"
version = "5.2.0"
description = "fast python package for finding the timezone of any point on earth (coordinates) offline"
category = "main"
optional = false
python-versions = ">=3.6"

[package.dependencies]
numpy = ">=1.16"

[package.extras]
numba = ["numba (>=0.48)"]

[[package]]
name = "tqdm"
version = "4.60.0"
description = "Fast, Extensible Progress Meter"
category = "main"
optional = false
python-versions = "!=3.0.*,!=3.1.*,!=3.2.*,!=3.3.*,>=2.7"

[package.extras]
dev = ["py-make (>=0.1.0)", "twine", "wheel"]
notebook = ["ipywidgets (>=6)"]
telegram = ["requests"]

[metadata]
lock-version = "1.1"
python-versions = "^3.8"
content-hash = "7b9517672ccbf95aae4b20e5288df813d59c6cae7bf6a62d4cba34ab8063ad19"

[metadata.files]
click = [
    {file = "click-8.0.0-py3-none-any.whl", hash = "sha256:e90e62ced43dc8105fb9a26d62f0d9340b5c8db053a814e25d95c19873ae87db"},
    {file = "click-8.0.0.tar.gz", hash = "sha256:7d8c289ee437bcb0316820ccee14aefcb056e58d31830ecab8e47eda6540e136"},
]
colorama = [
    {file = "colorama-0.4.4-py2.py3-none-any.whl", hash = "sha256:9f47eda37229f68eee03b24b9748937c7dc3868f906e8ba69fbcbdd3bc5dc3e2"},
    {file = "colorama-0.4.4.tar.gz", hash = "sha256:5941b2b48a20143d2267e95b1c2a7603ce057ee39fd88e7329b0c292aa16869b"},
]
cycler = [
    {file = "cycler-0.10.0-py2.py3-none-any.whl", hash = "sha256:1d8a5ae1ff6c5cf9b93e8811e581232ad8920aeec647c37316ceac982b08cb2d"},
    {file = "cycler-0.10.0.tar.gz", hash = "sha256:cd7b2d1018258d7247a71425e9f26463dfb444d411c39569972f4ce586b0c9d8"},
]
decorator = [
    {file = "decorator-5.0.9-py3-none-any.whl", hash = "sha256:6e5c199c16f7a9f0e3a61a4a54b3d27e7dad0dbdde92b944426cb20914376323"},
    {file = "decorator-5.0.9.tar.gz", hash = "sha256:72ecfba4320a893c53f9706bebb2d55c270c1e51a28789361aa93e4a21319ed5"},
]
exifread = [
    {file = "ExifRead-2.3.2-py3-none-any.whl", hash = "sha256:3ef8725efdb66530b4b3cd1c4ba5d3f3b35a7872137d2c707f711971f8ebf809"},
    {file = "ExifRead-2.3.2.tar.gz", hash = "sha256:a0f74af5040168d3883bbc980efe26d06c89f026dc86ba28eb34107662d51766"},
]
imgparse = []
imgreg = []
kiwisolver = [
    {file = "kiwisolver-1.3.1-cp36-cp36m-macosx_10_9_x86_64.whl", hash = "sha256:fd34fbbfbc40628200730bc1febe30631347103fc8d3d4fa012c21ab9c11eca9"},
    {file = "kiwisolver-1.3.1-cp36-cp36m-manylinux1_i686.whl", hash = "sha256:d3155d828dec1d43283bd24d3d3e0d9c7c350cdfcc0bd06c0ad1209c1bbc36d0"},
    {file = "kiwisolver-1.3.1-cp36-cp36m-manylinux1_x86_64.whl", hash = "sha256:5a7a7dbff17e66fac9142ae2ecafb719393aaee6a3768c9de2fd425c63b53e21"},
    {file = "kiwisolver-1.3.1-cp36-cp36m-manylinux2014_aarch64.whl", hash = "sha256:f8d6f8db88049a699817fd9178782867bf22283e3813064302ac59f61d95be05"},
    {file = "kiwisolver-1.3.1-cp36-cp36m-manylinux2014_ppc64le.whl", hash = "sha256:5f6ccd3dd0b9739edcf407514016108e2280769c73a85b9e59aa390046dbf08b"},
    {file = "kiwisolver-1.3.1-cp36-cp36m-win32.whl", hash = "sha256:225e2e18f271e0ed8157d7f4518ffbf99b9450fca398d561eb5c4a87d0986dd9"},
    {file = "kiwisolver-1.3.1-cp36-cp36m-win_amd64.whl", hash = "sha256:cf8b574c7b9aa060c62116d4181f3a1a4e821b2ec5cbfe3775809474113748d4"},
    {file = "kiwisolver-1.3.1-cp37-cp37m-macosx_10_9_x86_64.whl", hash = "sha256:232c9e11fd7ac3a470d65cd67e4359eee155ec57e822e5220322d7b2ac84fbf0"},
    {file = "kiwisolver-1.3.1-cp37-cp37m-manylinux1_i686.whl", hash = "sha256:b38694dcdac990a743aa654037ff1188c7a9801ac3ccc548d3341014bc5ca278"},
    {file = "kiwisolver-1.3.1-cp37-cp37m-manylinux1_x86_64.whl", hash = "sha256:ca3820eb7f7faf7f0aa88de0e54681bddcb46e485beb844fcecbcd1c8bd01689"},
    {file = "kiwisolver-1.3.1-cp37-cp37m-manylinux2014_aarch64.whl", hash = "sha256:c8fd0f1ae9d92b42854b2979024d7597685ce4ada367172ed7c09edf2cef9cb8"},
    {file = "kiwisolver-1.3.1-cp37-cp37m-manylinux2014_ppc64le.whl", hash = "sha256:1e1bc12fb773a7b2ffdeb8380609f4f8064777877b2225dec3da711b421fda31"},
    {file = "kiwisolver-1.3.1-cp37-cp37m-win32.whl", hash = "sha256:72c99e39d005b793fb7d3d4e660aed6b6281b502e8c1eaf8ee8346023c8e03bc"},
    {file = "kiwisolver-1.3.1-cp37-cp37m-win_amd64.whl", hash = "sha256:8be8d84b7d4f2ba4ffff3665bcd0211318aa632395a1a41553250484a871d454"},
    {file = "kiwisolver-1.3.1-cp38-cp38-macosx_10_9_x86_64.whl", hash = "sha256:31dfd2ac56edc0ff9ac295193eeaea1c0c923c0355bf948fbd99ed6018010b72"},
    {file = "kiwisolver-1.3.1-cp38-cp38-manylinux1_i686.whl", hash = "sha256:563c649cfdef27d081c84e72a03b48ea9408c16657500c312575ae9d9f7bc1c3"},
    {file = "kiwisolver-1.3.1-cp38-cp38-manylinux1_x86_64.whl", hash = "sha256:78751b33595f7f9511952e7e60ce858c6d64db2e062afb325985ddbd34b5c131"},
    {file = "kiwisolver-1.3.1-cp38-cp38-manylinux2014_aarch64.whl", hash = "sha256:a357fd4f15ee49b4a98b44ec23a34a95f1e00292a139d6015c11f55774ef10de"},
    {file = "kiwisolver-1.3.1-cp38-cp38-manylinux2014_ppc64le.whl", hash = "sha256:5989db3b3b34b76c09253deeaf7fbc2707616f130e166996606c284395da3f18"},
    {file = "kiwisolver-1.3.1-cp38-cp38-win32.whl", hash = "sha256:c08e95114951dc2090c4a630c2385bef681cacf12636fb0241accdc6b303fd81"},
    {file = "kiwisolver-1.3.1-cp38-cp38-win_amd64.whl", hash = "sha256:44a62e24d9b01ba94ae7a4a6c3fb215dc4af1dde817e7498d901e229aaf50e4e"},
    {file = "kiwisolver-1.3.1-cp39-cp39-macosx_10_9_x86_64.whl", hash = "sha256:50af681a36b2a1dee1d3c169ade9fdc59207d3c31e522519181e12f1b3ba7000"},
    {file = "kiwisolver-1.3.1-cp39-cp39-manylinux1_i686.whl", hash = "sha256:a53d27d0c2a0ebd07e395e56a1fbdf75ffedc4a05943daf472af163413ce9598"},
    {file = "kiwisolver-1.3.1-cp39-cp39-manylinux1_x86_64.whl", hash = "sha256:834ee27348c4aefc20b479335fd422a2c69db55f7d9ab61721ac8cd83eb78882"},
    {file = "kiwisolver-1.3.1-cp39-cp39-manylinux2014_aarch64.whl", hash = "sha256:5c3e6455341008a054cccee8c5d24481bcfe1acdbc9add30aa95798e95c65621"},
    {file = "kiwisolver-1.3.1-cp39-cp39-manylinux2014_ppc64le.whl", hash = "sha256:acef3d59d47dd85ecf909c359d0fd2c81ed33bdff70216d3956b463e12c38a54"},
    {file = "kiwisolver-1.3.1-cp39-cp39-win32.whl", hash = "sha256:c5518d51a0735b1e6cee1fdce66359f8d2b59c3ca85dc2b0813a8aa86818a030"},
    {file = "kiwisolver-1.3.1-cp39-cp39-win_amd64.whl", hash = "sha256:b9edd0110a77fc321ab090aaa1cfcaba1d8499850a12848b81be2222eab648f6"},
    {file = "kiwisolver-1.3.1-pp36-pypy36_pp73-macosx_10_9_x86_64.whl", hash = "sha256:0cd53f403202159b44528498de18f9285b04482bab2a6fc3f5dd8dbb9352e30d"},
    {file = "kiwisolver-1.3.1-pp36-pypy36_pp73-manylinux2010_x86_64.whl", hash = "sha256:33449715e0101e4d34f64990352bce4095c8bf13bed1b390773fc0a7295967b3"},
    {file = "kiwisolver-1.3.1-pp36-pypy36_pp73-win32.whl", hash = "sha256:401a2e9afa8588589775fe34fc22d918ae839aaaf0c0e96441c0fdbce6d8ebe6"},
    {file = "kiwisolver-1.3.1.tar.gz", hash = "sha256:950a199911a8d94683a6b10321f9345d5a3a8433ec58b217ace979e18f16e248"},
]
matplotlib = [
    {file = "matplotlib-3.4.2-cp37-cp37m-macosx_10_9_x86_64.whl", hash = "sha256:c541ee5a3287efe066bbe358320853cf4916bc14c00c38f8f3d8d75275a405a9"},
    {file = "matplotlib-3.4.2-cp37-cp37m-manylinux1_i686.whl", hash = "sha256:3a5c18dbd2c7c366da26a4ad1462fe3e03a577b39e3b503bbcf482b9cdac093c"},
    {file = "matplotlib-3.4.2-cp37-cp37m-manylinux1_x86_64.whl", hash = "sha256:a9d8cb5329df13e0cdaa14b3b43f47b5e593ec637f13f14db75bb16e46178b05"},
    {file = "matplotlib-3.4.2-cp37-cp37m-manylinux2014_aarch64.whl", hash = "sha256:7ad19f3fb6145b9eb41c08e7cbb9f8e10b91291396bee21e9ce761bb78df63ec"},
    {file = "matplotlib-3.4.2-cp37-cp37m-win32.whl", hash = "sha256:7a58f3d8fe8fac3be522c79d921c9b86e090a59637cb88e3bc51298d7a2c862a"},
    {file = "matplotlib-3.4.2-cp37-cp37m-win_amd64.whl", hash = "sha256:6382bc6e2d7e481bcd977eb131c31dee96e0fb4f9177d15ec6fb976d3b9ace1a"},
    {file = "matplotlib-3.4.2-cp38-cp38-macosx_10_9_x86_64.whl", hash = "sha256:6a6a44f27aabe720ec4fd485061e8a35784c2b9ffa6363ad546316dfc9cea04e"},
    {file = "matplotlib-3.4.2-cp38-cp38-manylinux1_i686.whl", hash = "sha256:1c1779f7ab7d8bdb7d4c605e6ffaa0614b3e80f1e3c8ccf7b9269a22dbc5986b"},
    {file = "matplotlib-3.4.2-cp38-cp38-manylinux1_x86_64.whl", hash = "sha256:5826f56055b9b1c80fef82e326097e34dc4af8c7249226b7dd63095a686177d1"},
    {file = "matplotlib-3.4.2-cp38-cp38-manylinux2014_aarch64.whl", hash = "sha256:0bea5ec5c28d49020e5d7923c2725b837e60bc8be99d3164af410eb4b4c827da"},
    {file = "matplotlib-3.4.2-cp38-cp38-win32.whl", hash = "sha256:6475d0209024a77f869163ec3657c47fed35d9b6ed8bccba8aa0f0099fbbdaa8"},
    {file = "matplotlib-3.4.2-cp38-cp38-win_amd64.whl", hash = "sha256:21b31057bbc5e75b08e70a43cefc4c0b2c2f1b1a850f4a0f7af044eb4163086c"},
    {file = "matplotlib-3.4.2-cp39-cp39-macosx_10_9_x86_64.whl", hash = "sha256:b26535b9de85326e6958cdef720ecd10bcf74a3f4371bf9a7e5b2e659c17e153"},
    {file = "matplotlib-3.4.2-cp39-cp39-manylinux1_i686.whl", hash = "sha256:32fa638cc10886885d1ca3d409d4473d6a22f7ceecd11322150961a70fab66dd"},
    {file = "matplotlib-3.4.2-cp39-cp39-manylinux1_x86_64.whl", hash = "sha256:956c8849b134b4a343598305a3ca1bdd3094f01f5efc8afccdebeffe6b315247"},
    {file = "matplotlib-3.4.2-cp39-cp39-manylinux2014_aarch64.whl", hash = "sha256:85f191bb03cb1a7b04b5c2cca4792bef94df06ef473bc49e2818105671766fee"},
    {file = "matplotlib-3.4.2-cp39-cp39-win32.whl", hash = "sha256:b1d5a2cedf5de05567c441b3a8c2651fbde56df08b82640e7f06c8cd91e201f6"},
    {file = "matplotlib-3.4.2-cp39-cp39-win_amd64.whl", hash = "sha256:df815378a754a7edd4559f8c51fc7064f779a74013644a7f5ac7a0c31f875866"},
    {file = "matplotlib-3.4.2.tar.gz", hash = "sha256:d8d994cefdff9aaba45166eb3de4f5211adb4accac85cbf97137e98f26ea0219"},
]
numpy = [
    {file = "numpy-1.20.3-cp37-cp37m-macosx_10_9_x86_64.whl", hash = "sha256:70eb5808127284c4e5c9e836208e09d685a7978b6a216db85960b1a112eeace8"},
    {file = "numpy-1.20.3-cp37-cp37m-manylinux_2_12_i686.manylinux2010_i686.whl", hash = "sha256:6ca2b85a5997dabc38301a22ee43c82adcb53ff660b89ee88dded6b33687e1d8"},
    {file = "numpy-1.20.3-cp37-cp37m-manylinux_2_12_x86_64.manylinux2010_x86_64.whl", hash = "sha256:c5bf0e132acf7557fc9bb8ded8b53bbbbea8892f3c9a1738205878ca9434206a"},
    {file = "numpy-1.20.3-cp37-cp37m-manylinux_2_17_aarch64.manylinux2014_aarch64.whl", hash = "sha256:db250fd3e90117e0312b611574cd1b3f78bec046783195075cbd7ba9c3d73f16"},
    {file = "numpy-1.20.3-cp37-cp37m-manylinux_2_5_i686.manylinux1_i686.whl", hash = "sha256:637d827248f447e63585ca3f4a7d2dfaa882e094df6cfa177cc9cf9cd6cdf6d2"},
    {file = "numpy-1.20.3-cp37-cp37m-manylinux_2_5_x86_64.manylinux1_x86_64.whl", hash = "sha256:8b7bb4b9280da3b2856cb1fc425932f46fba609819ee1c62256f61799e6a51d2"},
    {file = "numpy-1.20.3-cp37-cp37m-win32.whl", hash = "sha256:67d44acb72c31a97a3d5d33d103ab06d8ac20770e1c5ad81bdb3f0c086a56cf6"},
    {file = "numpy-1.20.3-cp37-cp37m-win_amd64.whl", hash = "sha256:43909c8bb289c382170e0282158a38cf306a8ad2ff6dfadc447e90f9961bef43"},
    {file = "numpy-1.20.3-cp38-cp38-macosx_10_9_x86_64.whl", hash = "sha256:f1452578d0516283c87608a5a5548b0cdde15b99650efdfd85182102ef7a7c17"},
    {file = "numpy-1.20.3-cp38-cp38-manylinux_2_12_i686.manylinux2010_i686.whl", hash = "sha256:6e51534e78d14b4a009a062641f465cfaba4fdcb046c3ac0b1f61dd97c861b1b"},
    {file = "numpy-1.20.3-cp38-cp38-manylinux_2_12_x86_64.manylinux2010_x86_64.whl", hash = "sha256:e515c9a93aebe27166ec9593411c58494fa98e5fcc219e47260d9ab8a1cc7f9f"},
    {file = "numpy-1.20.3-cp38-cp38-manylinux_2_17_aarch64.manylinux2014_aarch64.whl", hash = "sha256:c1c09247ccea742525bdb5f4b5ceeacb34f95731647fe55774aa36557dbb5fa4"},
    {file = "numpy-1.20.3-cp38-cp38-manylinux_2_5_i686.manylinux1_i686.whl", hash = "sha256:66fbc6fed94a13b9801fb70b96ff30605ab0a123e775a5e7a26938b717c5d71a"},
    {file = "numpy-1.20.3-cp38-cp38-manylinux_2_5_x86_64.manylinux1_x86_64.whl", hash = "sha256:ea9cff01e75a956dbee133fa8e5b68f2f92175233de2f88de3a682dd94deda65"},
    {file = "numpy-1.20.3-cp38-cp38-win32.whl", hash = "sha256:f39a995e47cb8649673cfa0579fbdd1cdd33ea497d1728a6cb194d6252268e48"},
    {file = "numpy-1.20.3-cp38-cp38-win_amd64.whl", hash = "sha256:1676b0a292dd3c99e49305a16d7a9f42a4ab60ec522eac0d3dd20cdf362ac010"},
    {file = "numpy-1.20.3-cp39-cp39-macosx_10_9_x86_64.whl", hash = "sha256:830b044f4e64a76ba71448fce6e604c0fc47a0e54d8f6467be23749ac2cbd2fb"},
    {file = "numpy-1.20.3-cp39-cp39-manylinux_2_12_i686.manylinux2010_i686.whl", hash = "sha256:55b745fca0a5ab738647d0e4db099bd0a23279c32b31a783ad2ccea729e632df"},
    {file = "numpy-1.20.3-cp39-cp39-manylinux_2_12_x86_64.manylinux2010_x86_64.whl", hash = "sha256:5d050e1e4bc9ddb8656d7b4f414557720ddcca23a5b88dd7cff65e847864c400"},
    {file = "numpy-1.20.3-cp39-cp39-manylinux_2_17_aarch64.manylinux2014_aarch64.whl", hash = "sha256:a9c65473ebc342715cb2d7926ff1e202c26376c0dcaaee85a1fd4b8d8c1d3b2f"},
    {file = "numpy-1.20.3-cp39-cp39-win32.whl", hash = "sha256:16f221035e8bd19b9dc9a57159e38d2dd060b48e93e1d843c49cb370b0f415fd"},
    {file = "numpy-1.20.3-cp39-cp39-win_amd64.whl", hash = "sha256:6690080810f77485667bfbff4f69d717c3be25e5b11bb2073e76bb3f578d99b4"},
    {file = "numpy-1.20.3-pp37-pypy37_pp73-manylinux_2_12_x86_64.manylinux2010_x86_64.whl", hash = "sha256:4e465afc3b96dbc80cf4a5273e5e2b1e3451286361b4af70ce1adb2984d392f9"},
    {file = "numpy-1.20.3.zip", hash = "sha256:e55185e51b18d788e49fe8305fd73ef4470596b33fc2c1ceb304566b99c71a69"},
]
opencv-contrib-python = [
    {file = "opencv_contrib_python-4.5.2.52-cp36-cp36m-macosx_10_15_x86_64.whl", hash = "sha256:ef4a0c1a32f88dfcac388a58737645fe60a654b8ba8442a6bbdd815b6f37e74e"},
    {file = "opencv_contrib_python-4.5.2.52-cp36-cp36m-manylinux2014_x86_64.whl", hash = "sha256:d48cd02abe485cbf7f7ca4dd382fc6218fea47cb9a99f07b6d781fa8269a92e3"},
    {file = "opencv_contrib_python-4.5.2.52-cp36-cp36m-win32.whl", hash = "sha256:f441b21e65c69c5258a68d206271ea103de180472650ab99d870723cbfc07962"},
    {file = "opencv_contrib_python-4.5.2.52-cp36-cp36m-win_amd64.whl", hash = "sha256:394f2f518c49279c928216f89520e90ad8354a8f538aa3e4bfe8e4d03fea05f1"},
    {file = "opencv_contrib_python-4.5.2.52-cp37-cp37m-macosx_10_15_x86_64.whl", hash = "sha256:ac695472f6008367cc4bce4c70b70c1790e401d83a0a8709203ab02cbedd6a9d"},
    {file = "opencv_contrib_python-4.5.2.52-cp37-cp37m-manylinux2014_x86_64.whl", hash = "sha256:84d0f3015c51841b5f4beed80d7fa0e96daf85a0107cc967f6fc8196d0b24a61"},
    {file = "opencv_contrib_python-4.5.2.52-cp37-cp37m-win32.whl", hash = "sha256:0dfb0cf9f66125930645506c37e1da4d6e55166dde6f4dbb4fd734fd6e7d9b6a"},
    {file = "opencv_contrib_python-4.5.2.52-cp37-cp37m-win_amd64.whl", hash = "sha256:29c5925ac8838d3ccbe872808185e6a0d842e276a116b01a6b387f8e3aab9dd6"},
    {file = "opencv_contrib_python-4.5.2.52-cp38-cp38-macosx_10_15_x86_64.whl", hash = "sha256:8efd92c81a1df7876efeef252f03057b2389da6acb1473921c0416b05ba5a48b"},
    {file = "opencv_contrib_python-4.5.2.52-cp38-cp38-manylinux2014_x86_64.whl", hash = "sha256:b4060f50fd7cceef6422ef943acf37668d7a4f793ccd1c7f96a815a7e414ce19"},
    {file = "opencv_contrib_python-4.5.2.52-cp38-cp38-win32.whl", hash = "sha256:3663391d0cc34c44bcbd6ad18b62f0f4b70e31b459cb957ea851e5e2e0b7071b"},
    {file = "opencv_contrib_python-4.5.2.52-cp38-cp38-win_amd64.whl", hash = "sha256:daceb7ddcc70c677d2d707c20496db8a63151c0493f365a2986fe103790566da"},
    {file = "opencv_contrib_python-4.5.2.52-cp39-cp39-macosx_10_15_x86_64.whl", hash = "sha256:f7a35ccf7186afe45d66dab30a04b774753ab20df1c6046b9aff7ec76f2c8e0c"},
    {file = "opencv_contrib_python-4.5.2.52-cp39-cp39-manylinux2014_x86_64.whl", hash = "sha256:add0e4350701e0393f0ac4d77dc0a0459a3585e5af2cfad86249ef026baefd58"},
    {file = "opencv_contrib_python-4.5.2.52-cp39-cp39-win32.whl", hash = "sha256:e289839368a428fad89ee221e85eddc8fa9920dff7382b0a8d3f2ba654c77cb1"},
    {file = "opencv_contrib_python-4.5.2.52-cp39-cp39-win_amd64.whl", hash = "sha256:c0cd167426740565f4c2e9defc1a7ab9298ed762bc0a95f8d47a2bd453297167"},
]
opencv-python = [
    {file = "opencv_python-4.5.2.52-cp36-cp36m-macosx_10_15_x86_64.whl", hash = "sha256:950242774a367efc90e3bed89e6e2fab7ff2867e2eafa440e4775b1ae57ac9f8"},
    {file = "opencv_python-4.5.2.52-cp36-cp36m-manylinux2014_x86_64.whl", hash = "sha256:72f4e4f28169ecb9282570c4a86e992a762ea35ff67b19c05aab2c84eee212ca"},
    {file = "opencv_python-4.5.2.52-cp36-cp36m-win32.whl", hash = "sha256:68f1baa789a1ae92642ad436d29088051471b2e5cea40705cb8c9f8c9fc3c050"},
    {file = "opencv_python-4.5.2.52-cp36-cp36m-win_amd64.whl", hash = "sha256:2cc96b8a9011fa3451d71699069a6a8c3578d91d0158c559def997a1a049ae0c"},
    {file = "opencv_python-4.5.2.52-cp37-cp37m-macosx_10_15_x86_64.whl", hash = "sha256:71adc9f528d54fb41bfe275d7038ed4c9c5f1a4468419d4cac12dde6e938f3b8"},
    {file = "opencv_python-4.5.2.52-cp37-cp37m-manylinux2014_x86_64.whl", hash = "sha256:b236001a5bacd18622db037e581521b38cffae070f345e05a7dd837dc3b7f2ef"},
    {file = "opencv_python-4.5.2.52-cp37-cp37m-win32.whl", hash = "sha256:642ff6fe8d0a8297e248bf21676172381afbda767cd15ad51ab9d10201d99078"},
    {file = "opencv_python-4.5.2.52-cp37-cp37m-win_amd64.whl", hash = "sha256:c8ee913a45aec73c4bb14c6c72c3c6ddbb0a1dd3ca45338b68bf169220396941"},
    {file = "opencv_python-4.5.2.52-cp38-cp38-macosx_10_15_x86_64.whl", hash = "sha256:35d4fccd1e339df1e38eb1938af36c1972ab818684a747160403c1562008d867"},
    {file = "opencv_python-4.5.2.52-cp38-cp38-manylinux2014_x86_64.whl", hash = "sha256:a7aa72195cfd325a51fba287fadc61166367a3f89c57e7fe3e041132e192ac06"},
    {file = "opencv_python-4.5.2.52-cp38-cp38-win32.whl", hash = "sha256:dfa168f827561c52f746d5d80e3b10f31d6428bf6f72652765139129f189110b"},
    {file = "opencv_python-4.5.2.52-cp38-cp38-win_amd64.whl", hash = "sha256:cd231e073579192a8e4c88739e263de23bdaee0be7d85daae3afbda77e477da7"},
    {file = "opencv_python-4.5.2.52-cp39-cp39-macosx_10_15_x86_64.whl", hash = "sha256:fd2e9e70ce30bdfdba6beeffeab117b760e6390e6b606e4b9f4ff03ccd2d7d1f"},
    {file = "opencv_python-4.5.2.52-cp39-cp39-manylinux2014_x86_64.whl", hash = "sha256:7e8e31b0e206c3567cb96408eb0e27314bb1526eb072f9e509db77af0262ecaf"},
    {file = "opencv_python-4.5.2.52-cp39-cp39-win32.whl", hash = "sha256:1a9d6dd0b1d5cb6031c38b6acf2043b2ec1717093b39592c2a0b98f5b31c8d3e"},
    {file = "opencv_python-4.5.2.52-cp39-cp39-win_amd64.whl", hash = "sha256:31d6a413d459a18ef280d88e8d9257cc5e5009657022c88bb88694a94ccce3ba"},
]
pandas = [
    {file = "pandas-1.2.4-cp37-cp37m-macosx_10_9_x86_64.whl", hash = "sha256:c601c6fdebc729df4438ec1f62275d6136a0dd14d332fc0e8ce3f7d2aadb4dd6"},
    {file = "pandas-1.2.4-cp37-cp37m-manylinux1_i686.whl", hash = "sha256:8d4c74177c26aadcfb4fd1de6c1c43c2bf822b3e0fc7a9b409eeaf84b3e92aaa"},
    {file = "pandas-1.2.4-cp37-cp37m-manylinux1_x86_64.whl", hash = "sha256:b730add5267f873b3383c18cac4df2527ac4f0f0eed1c6cf37fcb437e25cf558"},
    {file = "pandas-1.2.4-cp37-cp37m-win32.whl", hash = "sha256:2cb7e8f4f152f27dc93f30b5c7a98f6c748601ea65da359af734dd0cf3fa733f"},
    {file = "pandas-1.2.4-cp37-cp37m-win_amd64.whl", hash = "sha256:2111c25e69fa9365ba80bbf4f959400054b2771ac5d041ed19415a8b488dc70a"},
    {file = "pandas-1.2.4-cp38-cp38-macosx_10_9_x86_64.whl", hash = "sha256:167693a80abc8eb28051fbd184c1b7afd13ce2c727a5af47b048f1ea3afefff4"},
    {file = "pandas-1.2.4-cp38-cp38-manylinux1_i686.whl", hash = "sha256:612add929bf3ba9d27b436cc8853f5acc337242d6b584203f207e364bb46cb12"},
    {file = "pandas-1.2.4-cp38-cp38-manylinux1_x86_64.whl", hash = "sha256:971e2a414fce20cc5331fe791153513d076814d30a60cd7348466943e6e909e4"},
    {file = "pandas-1.2.4-cp38-cp38-win32.whl", hash = "sha256:68d7baa80c74aaacbed597265ca2308f017859123231542ff8a5266d489e1858"},
    {file = "pandas-1.2.4-cp38-cp38-win_amd64.whl", hash = "sha256:bd659c11a4578af740782288cac141a322057a2e36920016e0fc7b25c5a4b686"},
    {file = "pandas-1.2.4-cp39-cp39-macosx_10_9_x86_64.whl", hash = "sha256:9db70ffa8b280bb4de83f9739d514cd0735825e79eef3a61d312420b9f16b758"},
    {file = "pandas-1.2.4-cp39-cp39-manylinux1_i686.whl", hash = "sha256:298f0553fd3ba8e002c4070a723a59cdb28eda579f3e243bc2ee397773f5398b"},
    {file = "pandas-1.2.4-cp39-cp39-manylinux1_x86_64.whl", hash = "sha256:52d2472acbb8a56819a87aafdb8b5b6d2b3386e15c95bde56b281882529a7ded"},
    {file = "pandas-1.2.4-cp39-cp39-win32.whl", hash = "sha256:d0877407359811f7b853b548a614aacd7dea83b0c0c84620a9a643f180060950"},
    {file = "pandas-1.2.4-cp39-cp39-win_amd64.whl", hash = "sha256:2b063d41803b6a19703b845609c0b700913593de067b552a8b24dd8eeb8c9895"},
    {file = "pandas-1.2.4.tar.gz", hash = "sha256:649ecab692fade3cbfcf967ff936496b0cfba0af00a55dfaacd82bdda5cb2279"},
]
pillow = [
    {file = "Pillow-8.2.0-cp36-cp36m-macosx_10_10_x86_64.whl", hash = "sha256:dc38f57d8f20f06dd7c3161c59ca2c86893632623f33a42d592f097b00f720a9"},
    {file = "Pillow-8.2.0-cp36-cp36m-manylinux1_i686.whl", hash = "sha256:a013cbe25d20c2e0c4e85a9daf438f85121a4d0344ddc76e33fd7e3965d9af4b"},
    {file = "Pillow-8.2.0-cp36-cp36m-manylinux1_x86_64.whl", hash = "sha256:8bb1e155a74e1bfbacd84555ea62fa21c58e0b4e7e6b20e4447b8d07990ac78b"},
    {file = "Pillow-8.2.0-cp36-cp36m-manylinux2014_aarch64.whl", hash = "sha256:c5236606e8570542ed424849f7852a0ff0bce2c4c8d0ba05cc202a5a9c97dee9"},
    {file = "Pillow-8.2.0-cp36-cp36m-win32.whl", hash = "sha256:12e5e7471f9b637762453da74e390e56cc43e486a88289995c1f4c1dc0bfe727"},
    {file = "Pillow-8.2.0-cp36-cp36m-win_amd64.whl", hash = "sha256:5afe6b237a0b81bd54b53f835a153770802f164c5570bab5e005aad693dab87f"},
    {file = "Pillow-8.2.0-cp37-cp37m-macosx_10_10_x86_64.whl", hash = "sha256:cb7a09e173903541fa888ba010c345893cd9fc1b5891aaf060f6ca77b6a3722d"},
    {file = "Pillow-8.2.0-cp37-cp37m-manylinux1_i686.whl", hash = "sha256:0d19d70ee7c2ba97631bae1e7d4725cdb2ecf238178096e8c82ee481e189168a"},
    {file = "Pillow-8.2.0-cp37-cp37m-manylinux1_x86_64.whl", hash = "sha256:083781abd261bdabf090ad07bb69f8f5599943ddb539d64497ed021b2a67e5a9"},
    {file = "Pillow-8.2.0-cp37-cp37m-manylinux2014_aarch64.whl", hash = "sha256:c6b39294464b03457f9064e98c124e09008b35a62e3189d3513e5148611c9388"},
    {file = "Pillow-8.2.0-cp37-cp37m-win32.whl", hash = "sha256:01425106e4e8cee195a411f729cff2a7d61813b0b11737c12bd5991f5f14bcd5"},
    {file = "Pillow-8.2.0-cp37-cp37m-win_amd64.whl", hash = "sha256:3b570f84a6161cf8865c4e08adf629441f56e32f180f7aa4ccbd2e0a5a02cba2"},
    {file = "Pillow-8.2.0-cp38-cp38-macosx_10_10_x86_64.whl", hash = "sha256:031a6c88c77d08aab84fecc05c3cde8414cd6f8406f4d2b16fed1e97634cc8a4"},
    {file = "Pillow-8.2.0-cp38-cp38-manylinux1_i686.whl", hash = "sha256:66cc56579fd91f517290ab02c51e3a80f581aba45fd924fcdee01fa06e635812"},
    {file = "Pillow-8.2.0-cp38-cp38-manylinux1_x86_64.whl", hash = "sha256:6c32cc3145928c4305d142ebec682419a6c0a8ce9e33db900027ddca1ec39178"},
    {file = "Pillow-8.2.0-cp38-cp38-manylinux2014_aarch64.whl", hash = "sha256:624b977355cde8b065f6d51b98497d6cd5fbdd4f36405f7a8790e3376125e2bb"},
    {file = "Pillow-8.2.0-cp38-cp38-win32.whl", hash = "sha256:5cbf3e3b1014dddc45496e8cf38b9f099c95a326275885199f427825c6522232"},
    {file = "Pillow-8.2.0-cp38-cp38-win_amd64.whl", hash = "sha256:463822e2f0d81459e113372a168f2ff59723e78528f91f0bd25680ac185cf797"},
    {file = "Pillow-8.2.0-cp39-cp39-macosx_10_10_x86_64.whl", hash = "sha256:95d5ef984eff897850f3a83883363da64aae1000e79cb3c321915468e8c6add5"},
    {file = "Pillow-8.2.0-cp39-cp39-macosx_11_0_arm64.whl", hash = "sha256:b91c36492a4bbb1ee855b7d16fe51379e5f96b85692dc8210831fbb24c43e484"},
    {file = "Pillow-8.2.0-cp39-cp39-manylinux1_i686.whl", hash = "sha256:d68cb92c408261f806b15923834203f024110a2e2872ecb0bd2a110f89d3c602"},
    {file = "Pillow-8.2.0-cp39-cp39-manylinux1_x86_64.whl", hash = "sha256:f217c3954ce5fd88303fc0c317af55d5e0204106d86dea17eb8205700d47dec2"},
    {file = "Pillow-8.2.0-cp39-cp39-manylinux2014_aarch64.whl", hash = "sha256:5b70110acb39f3aff6b74cf09bb4169b167e2660dabc304c1e25b6555fa781ef"},
    {file = "Pillow-8.2.0-cp39-cp39-win32.whl", hash = "sha256:a7d5e9fad90eff8f6f6106d3b98b553a88b6f976e51fce287192a5d2d5363713"},
    {file = "Pillow-8.2.0-cp39-cp39-win_amd64.whl", hash = "sha256:238c197fc275b475e87c1453b05b467d2d02c2915fdfdd4af126145ff2e4610c"},
    {file = "Pillow-8.2.0-pp36-pypy36_pp73-macosx_10_10_x86_64.whl", hash = "sha256:0e04d61f0064b545b989126197930807c86bcbd4534d39168f4aa5fda39bb8f9"},
    {file = "Pillow-8.2.0-pp36-pypy36_pp73-manylinux2010_i686.whl", hash = "sha256:63728564c1410d99e6d1ae8e3b810fe012bc440952168af0a2877e8ff5ab96b9"},
    {file = "Pillow-8.2.0-pp36-pypy36_pp73-manylinux2010_x86_64.whl", hash = "sha256:c03c07ed32c5324939b19e36ae5f75c660c81461e312a41aea30acdd46f93a7c"},
    {file = "Pillow-8.2.0-pp37-pypy37_pp73-macosx_10_10_x86_64.whl", hash = "sha256:4d98abdd6b1e3bf1a1cbb14c3895226816e666749ac040c4e2554231068c639b"},
    {file = "Pillow-8.2.0-pp37-pypy37_pp73-manylinux2010_i686.whl", hash = "sha256:aac00e4bc94d1b7813fe882c28990c1bc2f9d0e1aa765a5f2b516e8a6a16a9e4"},
    {file = "Pillow-8.2.0-pp37-pypy37_pp73-manylinux2010_x86_64.whl", hash = "sha256:22fd0f42ad15dfdde6c581347eaa4adb9a6fc4b865f90b23378aa7914895e120"},
    {file = "Pillow-8.2.0-pp37-pypy37_pp73-win32.whl", hash = "sha256:e98eca29a05913e82177b3ba3d198b1728e164869c613d76d0de4bde6768a50e"},
    {file = "Pillow-8.2.0.tar.gz", hash = "sha256:a787ab10d7bb5494e5f76536ac460741788f1fbce851068d73a87ca7c35fc3e1"},
]
pyparsing = [
    {file = "pyparsing-2.4.7-py2.py3-none-any.whl", hash = "sha256:ef9d7589ef3c200abe66653d3f1ab1033c3c419ae9b9bdb1240a85b024efc88b"},
    {file = "pyparsing-2.4.7.tar.gz", hash = "sha256:c203ec8783bf771a155b207279b9bccb8dea02d8f0c9e5f8ead507bc3246ecc1"},
]
python-dateutil = [
    {file = "python-dateutil-2.8.1.tar.gz", hash = "sha256:73ebfe9dbf22e832286dafa60473e4cd239f8592f699aa5adaf10050e6e1823c"},
    {file = "python_dateutil-2.8.1-py2.py3-none-any.whl", hash = "sha256:75bb3f31ea686f1197762692a9ee6a7550b59fc6ca3a1f4b5d7e32fb98e2da2a"},
]
pytz = [
    {file = "pytz-2021.1-py2.py3-none-any.whl", hash = "sha256:eb10ce3e7736052ed3623d49975ce333bcd712c7bb19a58b9e2089d4057d0798"},
    {file = "pytz-2021.1.tar.gz", hash = "sha256:83a4a90894bf38e243cf052c8b58f381bfe9a7a483f6a9cab140bc7f702ac4da"},
]
simpleitk = [
    {file = "SimpleITK-2.0.2-cp35-cp35m-macosx_10_9_x86_64.whl", hash = "sha256:fa87ed3d73732a4668d8e216aac6e6d547ec92b566681a5d34ca5b7d86c569dc"},
    {file = "SimpleITK-2.0.2-cp35-cp35m-manylinux1_x86_64.whl", hash = "sha256:8d795689bc613907196b1dc322e3b6247ec19c8e94cc12704a267d017551cb61"},
    {file = "SimpleITK-2.0.2-cp35-cp35m-manylinux2010_x86_64.whl", hash = "sha256:46772fa3e6e167de0821b85e122debf90833d84daa23c5c66053cf28437f4573"},
    {file = "SimpleITK-2.0.2-cp35-cp35m-win_amd64.whl", hash = "sha256:e0be3a611b447fb923ebfaacc3ca1ce42d09aa31882086efdb792329e9ab123b"},
    {file = "SimpleITK-2.0.2-cp36-cp36m-macosx_10_9_x86_64.whl", hash = "sha256:21bb06e640a8540d53b3ee00a8fcdcdf6e1a48aa4cf28172cc08bc153f012b76"},
    {file = "SimpleITK-2.0.2-cp36-cp36m-manylinux1_x86_64.whl", hash = "sha256:dc077928ab993170da5eed27f4737c9325a9fe705ff871945d0a6d6f15e24fab"},
    {file = "SimpleITK-2.0.2-cp36-cp36m-manylinux2010_x86_64.whl", hash = "sha256:13628c2b22679a8b36d209ebc1d0ace53fe4ab6c4e8654eff0bc96ee40f702c8"},
    {file = "SimpleITK-2.0.2-cp36-cp36m-win_amd64.whl", hash = "sha256:09911709ae2d3e29115dce3e78fa437dd78836812306be0a252c2da120928435"},
    {file = "SimpleITK-2.0.2-cp37-cp37m-macosx_10_9_x86_64.whl", hash = "sha256:cb969855ea1cd14839b10755a9b3cc1528cc912d4d5cc151c04f46fbcbd416c2"},
    {file = "SimpleITK-2.0.2-cp37-cp37m-manylinux1_x86_64.whl", hash = "sha256:6522c9e6a24301d0886f5e452724f165e0bd521548a9795b5bdc62031e950d1d"},
    {file = "SimpleITK-2.0.2-cp37-cp37m-manylinux2010_x86_64.whl", hash = "sha256:ed444d72a6a5f4870077a1ddf376974ac927afe0a2b7c8a34d359b074ac21c2d"},
    {file = "SimpleITK-2.0.2-cp37-cp37m-win_amd64.whl", hash = "sha256:4728c090a2e95b169ef8edab42f068fcb8657cac1d3d98df805ca468d9c45c38"},
    {file = "SimpleITK-2.0.2-cp38-cp38-macosx_10_9_x86_64.whl", hash = "sha256:f83fdde9eb91d0b01af73e64e22d65b26dbaf1edf6e6220a2ab21123229e0863"},
    {file = "SimpleITK-2.0.2-cp38-cp38-manylinux1_x86_64.whl", hash = "sha256:73caad7fb842985abc0ccf3c2590fd4e66e2b66e846b2eb17b759ffe4cc0455c"},
    {file = "SimpleITK-2.0.2-cp38-cp38-manylinux2010_x86_64.whl", hash = "sha256:666b7b88bc53c07d012181fa5306134d2d837cc59bc99e5c6641954f81c6501a"},
    {file = "SimpleITK-2.0.2-cp38-cp38-win_amd64.whl", hash = "sha256:fac923ee2c3c09dcee9b2a80c0d2bd886765a0727eba7a3befa3a36a8e17170f"},
    {file = "SimpleITK-2.0.2-cp39-cp39-macosx_10_9_x86_64.whl", hash = "sha256:95070b5cd4293586aa788edf79593d1b9600d2c55ffe641920090f58dd69b995"},
    {file = "SimpleITK-2.0.2-cp39-cp39-manylinux1_x86_64.whl", hash = "sha256:5ab5ab167d27bb24e958f02df26b467603197b71e91b13b1635763cf64d2431f"},
    {file = "SimpleITK-2.0.2-cp39-cp39-manylinux2010_x86_64.whl", hash = "sha256:6efe188b0f375f35734b272fe06863731d9ab08f9f0ff3e4bc342f941cf4ca08"},
    {file = "SimpleITK-2.0.2-cp39-cp39-win_amd64.whl", hash = "sha256:a49b02bd405a3630be5388c0cafdcee951a8e8a81351fcca9e55b6b1b76f0ff9"},
]
six = [
    {file = "six-1.16.0-py2.py3-none-any.whl", hash = "sha256:8abb2f1d86890a2dfb989f9a77cfcfd3e47c2a354b01111771326f8aa26e0254"},
    {file = "six-1.16.0.tar.gz", hash = "sha256:1e61c37477a1626458e36f7b1d82aa5c9b094fa4802892072e49de9c60c4c926"},
]
tifffile = [
    {file = "tifffile-2021.4.8-py3-none-any.whl", hash = "sha256:1cfc55f5b728e200142580a7bf108b72775c4097d007b4111876559fa1fb7432"},
    {file = "tifffile-2021.4.8.tar.gz", hash = "sha256:55aa8baad38e1567c9fe450fff52160e4a21294a612f241c5e414da80f87209b"},
]
timezonefinder = [
    {file = "timezonefinder-5.2.0-py36.py37.py38-none-any.whl", hash = "sha256:4545533086eb25cd7ba10b97785059acbababf4577ab1b4d5c2ab56642eadfea"},
    {file = "timezonefinder-5.2.0.tar.gz", hash = "sha256:a374570295a8dbd923630ce85f754e52578e288cb0a9cf575834415e84758352"},
]
tqdm = [
    {file = "tqdm-4.60.0-py2.py3-none-any.whl", hash = "sha256:daec693491c52e9498632dfbe9ccfc4882a557f5fa08982db1b4d3adbe0887c3"},
    {file = "tqdm-4.60.0.tar.gz", hash = "sha256:ebdebdb95e3477ceea267decfc0784859aa3df3e27e22d23b83e9b272bf157ae"},
]
